Microsoft Visual Studio Solution File, Format Version 12.00
# Visual Studio Version 17
VisualStudioVersion = 17.5.2.0
MinimumVisualStudioVersion = 10.0.40219.1
Project("{FAE04EC0-301F-11D3-BF4B-00C04F79EFBC}") = "PDM_be", "PDM_be.csproj", "{572115D4-2500-C8C1-E734-F533892D9234}"
EndProject
Global
	GlobalSection(SolutionConfigurationPlatforms) = preSolution
		Debug|Any CPU = Debug|Any CPU
		Release|Any CPU = Release|Any CPU
	EndGlobalSection
	GlobalSection(ProjectConfigurationPlatforms) = postSolution
		{572115D4-2500-C8C1-E734-F533892D9234}.Debug|Any CPU.ActiveCfg = Debug|Any CPU
		{572115D4-2500-C8C1-E734-F533892D9234}.Debug|Any CPU.Build.0 = Debug|Any CPU
		{572115D4-2500-C8C1-E734-F533892D9234}.Release|Any CPU.ActiveCfg = Release|Any CPU
		{572115D4-2500-C8C1-E734-F533892D9234}.Release|Any CPU.Build.0 = Release|Any CPU
	EndGlobalSection
	GlobalSection(SolutionProperties) = preSolution
		HideSolutionNode = FALSE
	EndGlobalSection
	GlobalSection(ExtensibilityGlobals) = postSolution
		SolutionGuid = {E7D412BF-5245-4BC6-B724-5BE18A3E3291}
	EndGlobalSection
EndGlobal
